{
  "data.py": "d028dee19fffe7811e6391f5015fd57756679bd58cea9a980406318889af6b87",
  "evaluate.py": "806055edf355f6c98a13f22d6d47ed9950676d7013d2a0b72da7826e36058b18",
  "submit.py": "61258b536b2c9c5f360ccb9ccc0246b514bcaaadcf2e8aded775a5b337e47421",
  "pipeline/run_node.py": "e61ea9fefbfeb8095bca6d484e2a92db98d8ec62b502d8edb27c21462d8c07cf",
  "pipeline/contracts.py": "1fa5a806395b05504343651eb00a6b2e89d761ca8151c0c1c718d485c92e77fc"
}