{
  "data.py": "d028dee19fffe7811e6391f5015fd57756679bd58cea9a980406318889af6b87",
  "evaluate.py": "806055edf355f6c98a13f22d6d47ed9950676d7013d2a0b72da7826e36058b18",
  "submit.py": "61258b536b2c9c5f360ccb9ccc0246b514bcaaadcf2e8aded775a5b337e47421",
  "pipeline/run_node.py": "ba6aa5b8b6bed578abf8240442e0173365b6a514103bb9613db3b32e20194e50",
  "pipeline/contracts.py": "9bde8067fe1896637ab88726890b21361a77fd6fbad9614315ef4bcf96706b51"
}